
Microsoft Visual Studio Solution File, Format Version 12.00
# Visual Studio Version 17
VisualStudioVersion = 17.0.32014.148
MinimumVisualStudioVersion = 10.0.40219.1
Project("{9A19103F-16F7-4668-BE54-9A1E7A4F7556}") = "AD.Api.Ldap", "AD.Api.Ldap\AD.Api.Ldap.csproj", "{44BBF079-9C69-4BB9-95A7-107BAC2D3402}"
EndProject
Project("{9A19103F-16F7-4668-BE54-9A1E7A4F7556}") = "AD.Api-NETNext", "AD.Api-NETNext\AD.Api-NETNext.csproj", "{122681B7-A7D3-48A5-8F75-A1B824374609}"
EndProject
Project("{FAE04EC0-301F-11D3-BF4B-00C04F79EFBC}") = "AD.Api.Ldap.Filters", "AD.Api.Ldap.Filters\AD.Api.Ldap.Filters.csproj", "{A8300F31-2C1E-4D3B-97D6-3CE1E067503F}"
EndProject
Project("{9A19103F-16F7-4668-BE54-9A1E7A4F7556}") = "AD.Api.Ldap.Attributes", "AD.Api.Ldap.Attributes\AD.Api.Ldap.Attributes.csproj", "{A96C6B00-4032-4EE7-B2A0-7B051A04061A}"
EndProject
Project("{9A19103F-16F7-4668-BE54-9A1E7A4F7556}") = "AD.Api.Ldap.Filters-NETNext", "AD.Api.Ldap.Filters-NETNext\AD.Api.Ldap.Filters-NETNext.csproj", "{E219405B-8032-46ED-A3EC-591E847F9C70}"
EndProject
Project("{9A19103F-16F7-4668-BE54-9A1E7A4F7556}") = "AD.Api.Ldap.Operations", "AD.Api.Ldap.Operations\AD.Api.Ldap.Operations.csproj", "{A34207DA-504A-4BAF-B5ED-DF478CB44F32}"
EndProject
Project("{9A19103F-16F7-4668-BE54-9A1E7A4F7556}") = "AD.Api.Schema", "AD.Api.Schema\AD.Api.Schema.csproj", "{0146A0DF-229E-405B-A1CA-C2FE5231B23C}"
EndProject
Project("{9A19103F-16F7-4668-BE54-9A1E7A4F7556}") = "AD.Api.Resources", "AD.Api.Resources\AD.Api.Resources.csproj", "{18A7182B-A6F4-4096-92EA-C2E4E45DB82B}"
EndProject
Global
	GlobalSection(SolutionConfigurationPlatforms) = preSolution
		Debug|Any CPU = Debug|Any CPU
		Release|Any CPU = Release|Any CPU
	EndGlobalSection
	GlobalSection(ProjectConfigurationPlatforms) = postSolution
		{44BBF079-9C69-4BB9-95A7-107BAC2D3402}.Debug|Any CPU.ActiveCfg = Debug|Any CPU
		{44BBF079-9C69-4BB9-95A7-107BAC2D3402}.Debug|Any CPU.Build.0 = Debug|Any CPU
		{44BBF079-9C69-4BB9-95A7-107BAC2D3402}.Release|Any CPU.ActiveCfg = Release|Any CPU
		{44BBF079-9C69-4BB9-95A7-107BAC2D3402}.Release|Any CPU.Build.0 = Release|Any CPU
		{122681B7-A7D3-48A5-8F75-A1B824374609}.Debug|Any CPU.ActiveCfg = Debug|Any CPU
		{122681B7-A7D3-48A5-8F75-A1B824374609}.Debug|Any CPU.Build.0 = Debug|Any CPU
		{122681B7-A7D3-48A5-8F75-A1B824374609}.Release|Any CPU.ActiveCfg = Release|Any CPU
		{122681B7-A7D3-48A5-8F75-A1B824374609}.Release|Any CPU.Build.0 = Release|Any CPU
		{A8300F31-2C1E-4D3B-97D6-3CE1E067503F}.Debug|Any CPU.ActiveCfg = Debug|Any CPU
		{A8300F31-2C1E-4D3B-97D6-3CE1E067503F}.Debug|Any CPU.Build.0 = Debug|Any CPU
		{A8300F31-2C1E-4D3B-97D6-3CE1E067503F}.Release|Any CPU.ActiveCfg = Release|Any CPU
		{A8300F31-2C1E-4D3B-97D6-3CE1E067503F}.Release|Any CPU.Build.0 = Release|Any CPU
		{A96C6B00-4032-4EE7-B2A0-7B051A04061A}.Debug|Any CPU.ActiveCfg = Debug|Any CPU
		{A96C6B00-4032-4EE7-B2A0-7B051A04061A}.Debug|Any CPU.Build.0 = Debug|Any CPU
		{A96C6B00-4032-4EE7-B2A0-7B051A04061A}.Release|Any CPU.ActiveCfg = Release|Any CPU
		{A96C6B00-4032-4EE7-B2A0-7B051A04061A}.Release|Any CPU.Build.0 = Release|Any CPU
		{E219405B-8032-46ED-A3EC-591E847F9C70}.Debug|Any CPU.ActiveCfg = Debug|Any CPU
		{E219405B-8032-46ED-A3EC-591E847F9C70}.Debug|Any CPU.Build.0 = Debug|Any CPU
		{E219405B-8032-46ED-A3EC-591E847F9C70}.Release|Any CPU.ActiveCfg = Release|Any CPU
		{E219405B-8032-46ED-A3EC-591E847F9C70}.Release|Any CPU.Build.0 = Release|Any CPU
		{A34207DA-504A-4BAF-B5ED-DF478CB44F32}.Debug|Any CPU.ActiveCfg = Debug|Any CPU
		{A34207DA-504A-4BAF-B5ED-DF478CB44F32}.Debug|Any CPU.Build.0 = Debug|Any CPU
		{A34207DA-504A-4BAF-B5ED-DF478CB44F32}.Release|Any CPU.ActiveCfg = Release|Any CPU
		{A34207DA-504A-4BAF-B5ED-DF478CB44F32}.Release|Any CPU.Build.0 = Release|Any CPU
		{0146A0DF-229E-405B-A1CA-C2FE5231B23C}.Debug|Any CPU.ActiveCfg = Debug|Any CPU
		{0146A0DF-229E-405B-A1CA-C2FE5231B23C}.Debug|Any CPU.Build.0 = Debug|Any CPU
		{0146A0DF-229E-405B-A1CA-C2FE5231B23C}.Release|Any CPU.ActiveCfg = Release|Any CPU
		{0146A0DF-229E-405B-A1CA-C2FE5231B23C}.Release|Any CPU.Build.0 = Release|Any CPU
		{18A7182B-A6F4-4096-92EA-C2E4E45DB82B}.Debug|Any CPU.ActiveCfg = Debug|Any CPU
		{18A7182B-A6F4-4096-92EA-C2E4E45DB82B}.Debug|Any CPU.Build.0 = Debug|Any CPU
		{18A7182B-A6F4-4096-92EA-C2E4E45DB82B}.Release|Any CPU.ActiveCfg = Release|Any CPU
		{18A7182B-A6F4-4096-92EA-C2E4E45DB82B}.Release|Any CPU.Build.0 = Release|Any CPU
	EndGlobalSection
	GlobalSection(SolutionProperties) = preSolution
		HideSolutionNode = FALSE
	EndGlobalSection
	GlobalSection(ExtensibilityGlobals) = postSolution
		SolutionGuid = {1B3452E7-09B3-4594-B4A0-509B9A9BBE51}
	EndGlobalSection
EndGlobal
