
Microsoft Visual Studio Solution File, Format Version 12.00
# Visual Studio Version 17
VisualStudioVersion = 17.0.32014.148
MinimumVisualStudioVersion = 10.0.40219.1
Project("{9A19103F-16F7-4668-BE54-9A1E7A4F7556}") = "AD.Api", "AD.Api\AD.Api.csproj", "{C812A3A3-5F49-4ECC-8BD2-03494FCE8A6F}"
EndProject
Project("{FAE04EC0-301F-11D3-BF4B-00C04F79EFBC}") = "AD.Api.Ldap", "AD.Api.Ldap\AD.Api.Ldap.csproj", "{44BBF079-9C69-4BB9-95A7-107BAC2D3402}"
EndProject
Global
	GlobalSection(SolutionConfigurationPlatforms) = preSolution
		Debug|Any CPU = Debug|Any CPU
		Release|Any CPU = Release|Any CPU
	EndGlobalSection
	GlobalSection(ProjectConfigurationPlatforms) = postSolution
		{C812A3A3-5F49-4ECC-8BD2-03494FCE8A6F}.Debug|Any CPU.ActiveCfg = Debug|Any CPU
		{C812A3A3-5F49-4ECC-8BD2-03494FCE8A6F}.Debug|Any CPU.Build.0 = Debug|Any CPU
		{C812A3A3-5F49-4ECC-8BD2-03494FCE8A6F}.Release|Any CPU.ActiveCfg = Release|Any CPU
		{C812A3A3-5F49-4ECC-8BD2-03494FCE8A6F}.Release|Any CPU.Build.0 = Release|Any CPU
		{44BBF079-9C69-4BB9-95A7-107BAC2D3402}.Debug|Any CPU.ActiveCfg = Debug|Any CPU
		{44BBF079-9C69-4BB9-95A7-107BAC2D3402}.Debug|Any CPU.Build.0 = Debug|Any CPU
		{44BBF079-9C69-4BB9-95A7-107BAC2D3402}.Release|Any CPU.ActiveCfg = Release|Any CPU
		{44BBF079-9C69-4BB9-95A7-107BAC2D3402}.Release|Any CPU.Build.0 = Release|Any CPU
	EndGlobalSection
	GlobalSection(SolutionProperties) = preSolution
		HideSolutionNode = FALSE
	EndGlobalSection
	GlobalSection(ExtensibilityGlobals) = postSolution
		SolutionGuid = {1B3452E7-09B3-4594-B4A0-509B9A9BBE51}
	EndGlobalSection
EndGlobal
